// !$*UTF8*$!
{
	archiveVersion = 1;
	classes = {
	};
	objectVersion = 51;
	objects = {

/* Begin PBXBuildFile section */
		30E9C8C92345E777005D33FF /* AppDelegate.swift in Sources */ = {isa = PBXBuildFile; fileRef = 30E9C8C82345E777005D33FF /* AppDelegate.swift */; };
		30E9C8CE2345E777005D33FF /* Main.storyboard in Resources */ = {isa = PBXBuildFile; fileRef = 30E9C8CC2345E777005D33FF /* Main.storyboard */; };
		30E9C8D02345E777005D33FF /* Assets.xcassets in Resources */ = {isa = PBXBuildFile; fileRef = 30E9C8CF2345E777005D33FF /* Assets.xcassets */; };
		30E9C8D32345E777005D33FF /* LaunchScreen.storyboard in Resources */ = {isa = PBXBuildFile; fileRef = 30E9C8D12345E777005D33FF /* LaunchScreen.storyboard */; };
		30E9C8DE2345E778005D33FF /* TableViewTest1Tests.swift in Sources */ = {isa = PBXBuildFile; fileRef = 30E9C8DD2345E778005D33FF /* TableViewTest1Tests.swift */; };
		30E9C8E92345E778005D33FF /* TableViewTest1UITests.swift in Sources */ = {isa = PBXBuildFile; fileRef = 30E9C8E82345E778005D33FF /* TableViewTest1UITests.swift */; };
		30E9C8F82345E7EC005D33FF /* TopViewController.swift in Sources */ = {isa = PBXBuildFile; fileRef = 30E9C8F62345E7EC005D33FF /* TopViewController.swift */; };
		30E9C8F92345E7EC005D33FF /* TopViewController.xib in Resources */ = {isa = PBXBuildFile; fileRef = 30E9C8F72345E7EC005D33FF /* TopViewController.xib */; };
		30E9C8FC2345E820005D33FF /* TopMainView.swift in Sources */ = {isa = PBXBuildFile; fileRef = 30E9C8FA2345E820005D33FF /* TopMainView.swift */; };
		30E9C8FD2345E820005D33FF /* TopMainView.xib in Resources */ = {isa = PBXBuildFile; fileRef = 30E9C8FB2345E820005D33FF /* TopMainView.xib */; };
		30E9C9002345E8AC005D33FF /* TopMainTableViewCell.swift in Sources */ = {isa = PBXBuildFile; fileRef = 30E9C8FE2345E8AC005D33FF /* TopMainTableViewCell.swift */; };
		30E9C9012345E8AC005D33FF /* TopMainTableViewCell.xib in Resources */ = {isa = PBXBuildFile; fileRef = 30E9C8FF2345E8AC005D33FF /* TopMainTableViewCell.xib */; };
		5E322E42DEFECAD9B72DB2F1 /* Pods_TableViewTest1.framework in Frameworks */ = {isa = PBXBuildFile; fileRef = 9C3481A5BB2D4D10D5A310C5 /* Pods_TableViewTest1.framework */; };
		78F795426B63BD6B2E6C8E80 /* Pods_TableViewTest1UITests.framework in Frameworks */ = {isa = PBXBuildFile; fileRef = DAA85FEAEAC6A2C7DF4468C7 /* Pods_TableViewTest1UITests.framework */; };
		F55EB57A0BB00D1C2B76CEEF /* Pods_TableViewTest1Tests.framework in Frameworks */ = {isa = PBXBuildFile; fileRef = A6C16F14FEC5C4F5D2E9EE12 /* Pods_TableViewTest1Tests.framework */; };
/* End PBXBuildFile section */

/* Begin PBXContainerItemProxy section */
		30E9C8DA2345E778005D33FF /* PBXContainerItemProxy */ = {
			isa = PBXContainerItemProxy;
			containerPortal = 30E9C8BD2345E777005D33FF /* Project object */;
			proxyType = 1;
			remoteGlobalIDString = 30E9C8C42345E777005D33FF;
			remoteInfo = TableViewTest1;
		};
		30E9C8E52345E778005D33FF /* PBXContainerItemProxy */ = {
			isa = PBXContainerItemProxy;
			containerPortal = 30E9C8BD2345E777005D33FF /* Project object */;
			proxyType = 1;
			remoteGlobalIDString = 30E9C8C42345E777005D33FF;
			remoteInfo = TableViewTest1;
		};
/* End PBXContainerItemProxy section */

/* Begin PBXFileReference section */
		00FB2278F1ABE8AA39AB73B0 /* Pods-TableViewTest1Tests.debug.xcconfig */ = {isa = PBXFileReference; includeInIndex = 1; lastKnownFileType = text.xcconfig; name = "Pods-TableViewTest1Tests.debug.xcconfig"; path = "Target Support Files/Pods-TableViewTest1Tests/Pods-TableViewTest1Tests.debug.xcconfig"; sourceTree = "<group>"; };
		11479E8287DCFE0AC31A1253 /* Pods-TableViewTest1.debug.xcconfig */ = {isa = PBXFileReference; includeInIndex = 1; lastKnownFileType = text.xcconfig; name = "Pods-TableViewTest1.debug.xcconfig"; path = "Target Support Files/Pods-TableViewTest1/Pods-TableViewTest1.debug.xcconfig"; sourceTree = "<group>"; };
		30E9C8C52345E777005D33FF /* TableViewTest1.app */ = {isa = PBXFileReference; explicitFileType = wrapper.application; includeInIndex = 0; path = TableViewTest1.app; sourceTree = BUILT_PRODUCTS_DIR; };
		30E9C8C82345E777005D33FF /* AppDelegate.swift */ = {isa = PBXFileReference; lastKnownFileType = sourcecode.swift; path = AppDelegate.swift; sourceTree = "<group>"; };
		30E9C8CD2345E777005D33FF /* Base */ = {isa = PBXFileReference; lastKnownFileType = file.storyboard; name = Base; path = Base.lproj/Main.storyboard; sourceTree = "<group>"; };
		30E9C8CF2345E777005D33FF /* Assets.xcassets */ = {isa = PBXFileReference; lastKnownFileType = folder.assetcatalog; path = Assets.xcassets; sourceTree = "<group>"; };
		30E9C8D22345E777005D33FF /* Base */ = {isa = PBXFileReference; lastKnownFileType = file.storyboard; name = Base; path = Base.lproj/LaunchScreen.storyboard; sourceTree = "<group>"; };
		30E9C8D42345E777005D33FF /* Info.plist */ = {isa = PBXFileReference; lastKnownFileType = text.plist.xml; path = Info.plist; sourceTree = "<group>"; };
		30E9C8D92345E778005D33FF /* TableViewTest1Tests.xctest */ = {isa = PBXFileReference; explicitFileType = wrapper.cfbundle; includeInIndex = 0; path = TableViewTest1Tests.xctest; sourceTree = BUILT_PRODUCTS_DIR; };
		30E9C8DD2345E778005D33FF /* TableViewTest1Tests.swift */ = {isa = PBXFileReference; lastKnownFileType = sourcecode.swift; path = TableViewTest1Tests.swift; sourceTree = "<group>"; };
		30E9C8DF2345E778005D33FF /* Info.plist */ = {isa = PBXFileReference; lastKnownFileType = text.plist.xml; path = Info.plist; sourceTree = "<group>"; };
		30E9C8E42345E778005D33FF /* TableViewTest1UITests.xctest */ = {isa = PBXFileReference; explicitFileType = wrapper.cfbundle; includeInIndex = 0; path = TableViewTest1UITests.xctest; sourceTree = BUILT_PRODUCTS_DIR; };
		30E9C8E82345E778005D33FF /* TableViewTest1UITests.swift */ = {isa = PBXFileReference; lastKnownFileType = sourcecode.swift; path = TableViewTest1UITests.swift; sourceTree = "<group>"; };
		30E9C8EA2345E778005D33FF /* Info.plist */ = {isa = PBXFileReference; lastKnownFileType = text.plist.xml; path = Info.plist; sourceTree = "<group>"; };
		30E9C8F62345E7EC005D33FF /* TopViewController.swift */ = {isa = PBXFileReference; lastKnownFileType = sourcecode.swift; path = TopViewController.swift; sourceTree = "<group>"; };
		30E9C8F72345E7EC005D33FF /* TopViewController.xib */ = {isa = PBXFileReference; lastKnownFileType = file.xib; path = TopViewController.xib; sourceTree = "<group>"; };
		30E9C8FA2345E820005D33FF /* TopMainView.swift */ = {isa = PBXFileReference; lastKnownFileType = sourcecode.swift; path = TopMainView.swift; sourceTree = "<group>"; };
		30E9C8FB2345E820005D33FF /* TopMainView.xib */ = {isa = PBXFileReference; lastKnownFileType = file.xib; path = TopMainView.xib; sourceTree = "<group>"; };
		30E9C8FE2345E8AC005D33FF /* TopMainTableViewCell.swift */ = {isa = PBXFileReference; lastKnownFileType = sourcecode.swift; path = TopMainTableViewCell.swift; sourceTree = "<group>"; };
		30E9C8FF2345E8AC005D33FF /* TopMainTableViewCell.xib */ = {isa = PBXFileReference; lastKnownFileType = file.xib; path = TopMainTableViewCell.xib; sourceTree = "<group>"; };
		82DF4A75F200D5128B5AC4D3 /* Pods-TableViewTest1UITests.debug.xcconfig */ = {isa = PBXFileReference; includeInIndex = 1; lastKnownFileType = text.xcconfig; name = "Pods-TableViewTest1UITests.debug.xcconfig"; path = "Target Support Files/Pods-TableViewTest1UITests/Pods-TableViewTest1UITests.debug.xcconfig"; sourceTree = "<group>"; };
		9C3481A5BB2D4D10D5A310C5 /* Pods_TableViewTest1.framework */ = {isa = PBXFileReference; explicitFileType = wrapper.framework; includeInIndex = 0; path = Pods_TableViewTest1.framework; sourceTree = BUILT_PRODUCTS_DIR; };
		A6C16F14FEC5C4F5D2E9EE12 /* Pods_TableViewTest1Tests.framework */ = {isa = PBXFileReference; explicitFileType = wrapper.framework; includeInIndex = 0; path = Pods_TableViewTest1Tests.framework; sourceTree = BUILT_PRODUCTS_DIR; };
		D9EA77CD234154C6CF2E89F3 /* Pods-TableViewTest1UITests.release.xcconfig */ = {isa = PBXFileReference; includeInIndex = 1; lastKnownFileType = text.xcconfig; name = "Pods-TableViewTest1UITests.release.xcconfig"; path = "Target Support Files/Pods-TableViewTest1UITests/Pods-TableViewTest1UITests.release.xcconfig"; sourceTree = "<group>"; };
		DAA85FEAEAC6A2C7DF4468C7 /* Pods_TableViewTest1UITests.framework */ = {isa = PBXFileReference; explicitFileType = wrapper.framework; includeInIndex = 0; path = Pods_TableViewTest1UITests.framework; sourceTree = BUILT_PRODUCTS_DIR; };
		F3AA60AE7CD9224A9866E500 /* Pods-TableViewTest1Tests.release.xcconfig */ = {isa = PBXFileReference; includeInIndex = 1; lastKnownFileType = text.xcconfig; name = "Pods-TableViewTest1Tests.release.xcconfig"; path = "Target Support Files/Pods-TableViewTest1Tests/Pods-TableViewTest1Tests.release.xcconfig"; sourceTree = "<group>"; };
		FFA35CB6182EDBBA7D93A0EB /* Pods-TableViewTest1.release.xcconfig */ = {isa = PBXFileReference; includeInIndex = 1; lastKnownFileType = text.xcconfig; name = "Pods-TableViewTest1.release.xcconfig"; path = "Target Support Files/Pods-TableViewTest1/Pods-TableViewTest1.release.xcconfig"; sourceTree = "<group>"; };
/* End PBXFileReference section */

/* Begin PBXFrameworksBuildPhase section */
		30E9C8C22345E777005D33FF /* Frameworks */ = {
			isa = PBXFrameworksBuildPhase;
			buildActionMask = 2147483647;
			files = (
				5E322E42DEFECAD9B72DB2F1 /* Pods_TableViewTest1.framework in Frameworks */,
			);
			runOnlyForDeploymentPostprocessing = 0;
		};
		30E9C8D62345E778005D33FF /* Frameworks */ = {
			isa = PBXFrameworksBuildPhase;
			buildActionMask = 2147483647;
			files = (
				F55EB57A0BB00D1C2B76CEEF /* Pods_TableViewTest1Tests.framework in Frameworks */,
			);
			runOnlyForDeploymentPostprocessing = 0;
		};
		30E9C8E12345E778005D33FF /* Frameworks */ = {
			isa = PBXFrameworksBuildPhase;
			buildActionMask = 2147483647;
			files = (
				78F795426B63BD6B2E6C8E80 /* Pods_TableViewTest1UITests.framework in Frameworks */,
			);
			runOnlyForDeploymentPostprocessing = 0;
		};
/* End PBXFrameworksBuildPhase section */

/* Begin PBXGroup section */
		30E9C8BC2345E777005D33FF = {
			isa = PBXGroup;
			children = (
				30E9C8C72345E777005D33FF /* TableViewTest1 */,
				30E9C8DC2345E778005D33FF /* TableViewTest1Tests */,
				30E9C8E72345E778005D33FF /* TableViewTest1UITests */,
				30E9C8C62345E777005D33FF /* Products */,
				CC34ACDE5B0D18CCF9F19598 /* Pods */,
				BF38F474744135083C762852 /* Frameworks */,
			);
			sourceTree = "<group>";
		};
		30E9C8C62345E777005D33FF /* Products */ = {
			isa = PBXGroup;
			children = (
				30E9C8C52345E777005D33FF /* TableViewTest1.app */,
				30E9C8D92345E778005D33FF /* TableViewTest1Tests.xctest */,
				30E9C8E42345E778005D33FF /* TableViewTest1UITests.xctest */,
			);
			name = Products;
			sourceTree = "<group>";
		};
		30E9C8C72345E777005D33FF /* TableViewTest1 */ = {
			isa = PBXGroup;
			children = (
				30E9C8C82345E777005D33FF /* AppDelegate.swift */,
				30E9C8CC2345E777005D33FF /* Main.storyboard */,
				30E9C8CF2345E777005D33FF /* Assets.xcassets */,
				30E9C8D12345E777005D33FF /* LaunchScreen.storyboard */,
				30E9C8D42345E777005D33FF /* Info.plist */,
				30E9C8F62345E7EC005D33FF /* TopViewController.swift */,
				30E9C8F72345E7EC005D33FF /* TopViewController.xib */,
				30E9C8FA2345E820005D33FF /* TopMainView.swift */,
				30E9C8FB2345E820005D33FF /* TopMainView.xib */,
				30E9C8FE2345E8AC005D33FF /* TopMainTableViewCell.swift */,
				30E9C8FF2345E8AC005D33FF /* TopMainTableViewCell.xib */,
			);
			path = TableViewTest1;
			sourceTree = "<group>";
		};
		30E9C8DC2345E778005D33FF /* TableViewTest1Tests */ = {
			isa = PBXGroup;
			children = (
				30E9C8DD2345E778005D33FF /* TableViewTest1Tests.swift */,
				30E9C8DF2345E778005D33FF /* Info.plist */,
			);
			path = TableViewTest1Tests;
			sourceTree = "<group>";
		};
		30E9C8E72345E778005D33FF /* TableViewTest1UITests */ = {
			isa = PBXGroup;
			children = (
				30E9C8E82345E778005D33FF /* TableViewTest1UITests.swift */,
				30E9C8EA2345E778005D33FF /* Info.plist */,
			);
			path = TableViewTest1UITests;
			sourceTree = "<group>";
		};
		BF38F474744135083C762852 /* Frameworks */ = {
			isa = PBXGroup;
			children = (
				9C3481A5BB2D4D10D5A310C5 /* Pods_TableViewTest1.framework */,
				A6C16F14FEC5C4F5D2E9EE12 /* Pods_TableViewTest1Tests.framework */,
				DAA85FEAEAC6A2C7DF4468C7 /* Pods_TableViewTest1UITests.framework */,
			);
			name = Frameworks;
			sourceTree = "<group>";
		};
		CC34ACDE5B0D18CCF9F19598 /* Pods */ = {
			isa = PBXGroup;
			children = (
				11479E8287DCFE0AC31A1253 /* Pods-TableViewTest1.debug.xcconfig */,
				FFA35CB6182EDBBA7D93A0EB /* Pods-TableViewTest1.release.xcconfig */,
				00FB2278F1ABE8AA39AB73B0 /* Pods-TableViewTest1Tests.debug.xcconfig */,
				F3AA60AE7CD9224A9866E500 /* Pods-TableViewTest1Tests.release.xcconfig */,
				82DF4A75F200D5128B5AC4D3 /* Pods-TableViewTest1UITests.debug.xcconfig */,
				D9EA77CD234154C6CF2E89F3 /* Pods-TableViewTest1UITests.release.xcconfig */,
			);
			path = Pods;
			sourceTree = "<group>";
		};
/* End PBXGroup section */

/* Begin PBXNativeTarget section */
		30E9C8C42345E777005D33FF /* TableViewTest1 */ = {
			isa = PBXNativeTarget;
			buildConfigurationList = 30E9C8ED2345E778005D33FF /* Build configuration list for PBXNativeTarget "TableViewTest1" */;
			buildPhases = (
				E2397C0A631DAE8AA6006F12 /* [CP] Check Pods Manifest.lock */,
				30E9C8C12345E777005D33FF /* Sources */,
				30E9C8C22345E777005D33FF /* Frameworks */,
				30E9C8C32345E777005D33FF /* Resources */,
				83660F3B222F90D877E0D2FB /* [CP] Embed Pods Frameworks */,
			);
			buildRules = (
			);
			dependencies = (
			);
			name = TableViewTest1;
			productName = TableViewTest1;
			productReference = 30E9C8C52345E777005D33FF /* TableViewTest1.app */;
			productType = "com.apple.product-type.application";
		};
		30E9C8D82345E778005D33FF /* TableViewTest1Tests */ = {
			isa = PBXNativeTarget;
			buildConfigurationList = 30E9C8F02345E778005D33FF /* Build configuration list for PBXNativeTarget "TableViewTest1Tests" */;
			buildPhases = (
				51749DF5F7BDD173DABE4812 /* [CP] Check Pods Manifest.lock */,
				30E9C8D52345E778005D33FF /* Sources */,
				30E9C8D62345E778005D33FF /* Frameworks */,
				30E9C8D72345E778005D33FF /* Resources */,
			);
			buildRules = (
			);
			dependencies = (
				30E9C8DB2345E778005D33FF /* PBXTargetDependency */,
			);
			name = TableViewTest1Tests;
			productName = TableViewTest1Tests;
			productReference = 30E9C8D92345E778005D33FF /* TableViewTest1Tests.xctest */;
			productType = "com.apple.product-type.bundle.unit-test";
		};
		30E9C8E32345E778005D33FF /* TableViewTest1UITests */ = {
			isa = PBXNativeTarget;
			buildConfigurationList = 30E9C8F32345E778005D33FF /* Build configuration list for PBXNativeTarget "TableViewTest1UITests" */;
			buildPhases = (
				126D2895AFE3A3377502C909 /* [CP] Check Pods Manifest.lock */,
				30E9C8E02345E778005D33FF /* Sources */,
				30E9C8E12345E778005D33FF /* Frameworks */,
				30E9C8E22345E778005D33FF /* Resources */,
			);
			buildRules = (
			);
			dependencies = (
				30E9C8E62345E778005D33FF /* PBXTargetDependency */,
			);
			name = TableViewTest1UITests;
			productName = TableViewTest1UITests;
			productReference = 30E9C8E42345E778005D33FF /* TableViewTest1UITests.xctest */;
			productType = "com.apple.product-type.bundle.ui-testing";
		};
/* End PBXNativeTarget section */

/* Begin PBXProject section */
		30E9C8BD2345E777005D33FF /* Project object */ = {
			isa = PBXProject;
			attributes = {
				LastSwiftUpdateCheck = 1030;
				LastUpgradeCheck = 1030;
				ORGANIZATIONNAME = "宮崎真";
				TargetAttributes = {
					30E9C8C42345E777005D33FF = {
						CreatedOnToolsVersion = 10.3;
					};
					30E9C8D82345E778005D33FF = {
						CreatedOnToolsVersion = 10.3;
						TestTargetID = 30E9C8C42345E777005D33FF;
					};
					30E9C8E32345E778005D33FF = {
						CreatedOnToolsVersion = 10.3;
						TestTargetID = 30E9C8C42345E777005D33FF;
					};
				};
			};
			buildConfigurationList = 30E9C8C02345E777005D33FF /* Build configuration list for PBXProject "TableViewTest1" */;
			compatibilityVersion = "Xcode 9.3";
			developmentRegion = en;
			hasScannedForEncodings = 0;
			knownRegions = (
				en,
				Base,
			);
			mainGroup = 30E9C8BC2345E777005D33FF;
			productRefGroup = 30E9C8C62345E777005D33FF /* Products */;
			projectDirPath = "";
			projectRoot = "";
			targets = (
				30E9C8C42345E777005D33FF /* TableViewTest1 */,
				30E9C8D82345E778005D33FF /* TableViewTest1Tests */,
				30E9C8E32345E778005D33FF /* TableViewTest1UITests */,
			);
		};
/* End PBXProject section */

/* Begin PBXResourcesBuildPhase section */
		30E9C8C32345E777005D33FF /* Resources */ = {
			isa = PBXResourcesBuildPhase;
			buildActionMask = 2147483647;
			files = (
				30E9C8FD2345E820005D33FF /* TopMainView.xib in Resources */,
				30E9C8F92345E7EC005D33FF /* TopViewController.xib in Resources */,
				30E9C8D32345E777005D33FF /* LaunchScreen.storyboard in Resources */,
				30E9C8D02345E777005D33FF /* Assets.xcassets in Resources */,
				30E9C9012345E8AC005D33FF /* TopMainTableViewCell.xib in Resources */,
				30E9C8CE2345E777005D33FF /* Main.storyboard in Resources */,
			);
			runOnlyForDeploymentPostprocessing = 0;
		};
		30E9C8D72345E778005D33FF /* Resources */ = {
			isa = PBXResourcesBuildPhase;
			buildActionMask = 2147483647;
			files = (
			);
			runOnlyForDeploymentPostprocessing = 0;
		};
		30E9C8E22345E778005D33FF /* Resources */ = {
			isa = PBXResourcesBuildPhase;
			buildActionMask = 2147483647;
			files = (
			);
			runOnlyForDeploymentPostprocessing = 0;
		};
/* End PBXResourcesBuildPhase section */

/* Begin PBXShellScriptBuildPhase section */
		126D2895AFE3A3377502C909 /* [CP] Check Pods Manifest.lock */ = {
			isa = PBXShellScriptBuildPhase;
			buildActionMask = 2147483647;
			files = (
			);
			inputFileListPaths = (
			);
			inputPaths = (
				"${PODS_PODFILE_DIR_PATH}/Podfile.lock",
				"${PODS_ROOT}/Manifest.lock",
			);
			name = "[CP] Check Pods Manifest.lock";
			outputFileListPaths = (
			);
			outputPaths = (
				"$(DERIVED_FILE_DIR)/Pods-TableViewTest1UITests-checkManifestLockResult.txt",
			);
			runOnlyForDeploymentPostprocessing = 0;
			shellPath = /bin/sh;
			shellScript = "diff \"${PODS_PODFILE_DIR_PATH}/Podfile.lock\" \"${PODS_ROOT}/Manifest.lock\" > /dev/null\nif [ $? != 0 ] ; then\n    # print error to STDERR\n    echo \"error: The sandbox is not in sync with the Podfile.lock. Run 'pod install' or update your CocoaPods installation.\" >&2\n    exit 1\nfi\n# This output is used by Xcode 'outputs' to avoid re-running this script phase.\necho \"SUCCESS\" > \"${SCRIPT_OUTPUT_FILE_0}\"\n";
			showEnvVarsInLog = 0;
		};
		51749DF5F7BDD173DABE4812 /* [CP] Check Pods Manifest.lock */ = {
			isa = PBXShellScriptBuildPhase;
			buildActionMask = 2147483647;
			files = (
			);
			inputFileListPaths = (
			);
			inputPaths = (
				"${PODS_PODFILE_DIR_PATH}/Podfile.lock",
				"${PODS_ROOT}/Manifest.lock",
			);
			name = "[CP] Check Pods Manifest.lock";
			outputFileListPaths = (
			);
			outputPaths = (
				"$(DERIVED_FILE_DIR)/Pods-TableViewTest1Tests-checkManifestLockResult.txt",
			);
			runOnlyForDeploymentPostprocessing = 0;
			shellPath = /bin/sh;
			shellScript = "diff \"${PODS_PODFILE_DIR_PATH}/Podfile.lock\" \"${PODS_ROOT}/Manifest.lock\" > /dev/null\nif [ $? != 0 ] ; then\n    # print error to STDERR\n    echo \"error: The sandbox is not in sync with the Podfile.lock. Run 'pod install' or update your CocoaPods installation.\" >&2\n    exit 1\nfi\n# This output is used by Xcode 'outputs' to avoid re-running this script phase.\necho \"SUCCESS\" > \"${SCRIPT_OUTPUT_FILE_0}\"\n";
			showEnvVarsInLog = 0;
		};
		83660F3B222F90D877E0D2FB /* [CP] Embed Pods Frameworks */ = {
			isa = PBXShellScriptBuildPhase;
			buildActionMask = 2147483647;
			files = (
			);
			inputFileListPaths = (
				"${PODS_ROOT}/Target Support Files/Pods-TableViewTest1/Pods-TableViewTest1-frameworks-${CONFIGURATION}-input-files.xcfilelist",
			);
			name = "[CP] Embed Pods Frameworks";
			outputFileListPaths = (
				"${PODS_ROOT}/Target Support Files/Pods-TableViewTest1/Pods-TableViewTest1-frameworks-${CONFIGURATION}-output-files.xcfilelist",
			);
			runOnlyForDeploymentPostprocessing = 0;
			shellPath = /bin/sh;
			shellScript = "\"${PODS_ROOT}/Target Support Files/Pods-TableViewTest1/Pods-TableViewTest1-frameworks.sh\"\n";
			showEnvVarsInLog = 0;
		};
		E2397C0A631DAE8AA6006F12 /* [CP] Check Pods Manifest.lock */ = {
			isa = PBXShellScriptBuildPhase;
			buildActionMask = 2147483647;
			files = (
			);
			inputFileListPaths = (
			);
			inputPaths = (
				"${PODS_PODFILE_DIR_PATH}/Podfile.lock",
				"${PODS_ROOT}/Manifest.lock",
			);
			name = "[CP] Check Pods Manifest.lock";
			outputFileListPaths = (
			);
			outputPaths = (
				"$(DERIVED_FILE_DIR)/Pods-TableViewTest1-checkManifestLockResult.txt",
			);
			runOnlyForDeploymentPostprocessing = 0;
			shellPath = /bin/sh;
			shellScript = "diff \"${PODS_PODFILE_DIR_PATH}/Podfile.lock\" \"${PODS_ROOT}/Manifest.lock\" > /dev/null\nif [ $? != 0 ] ; then\n    # print error to STDERR\n    echo \"error: The sandbox is not in sync with the Podfile.lock. Run 'pod install' or update your CocoaPods installation.\" >&2\n    exit 1\nfi\n# This output is used by Xcode 'outputs' to avoid re-running this script phase.\necho \"SUCCESS\" > \"${SCRIPT_OUTPUT_FILE_0}\"\n";
			showEnvVarsInLog = 0;
		};
/* End PBXShellScriptBuildPhase section */

/* Begin PBXSourcesBuildPhase section */
		30E9C8C12345E777005D33FF /* Sources */ = {
			isa = PBXSourcesBuildPhase;
			buildActionMask = 2147483647;
			files = (
				30E9C9002345E8AC005D33FF /* TopMainTableViewCell.swift in Sources */,
				30E9C8F82345E7EC005D33FF /* TopViewController.swift in Sources */,
				30E9C8FC2345E820005D33FF /* TopMainView.swift in Sources */,
				30E9C8C92345E777005D33FF /* AppDelegate.swift in Sources */,
			);
			runOnlyForDeploymentPostprocessing = 0;
		};
		30E9C8D52345E778005D33FF /* Sources */ = {
			isa = PBXSourcesBuildPhase;
			buildActionMask = 2147483647;
			files = (
				30E9C8DE2345E778005D33FF /* TableViewTest1Tests.swift in Sources */,
			);
			runOnlyForDeploymentPostprocessing = 0;
		};
		30E9C8E02345E778005D33FF /* Sources */ = {
			isa = PBXSourcesBuildPhase;
			buildActionMask = 2147483647;
			files = (
				30E9C8E92345E778005D33FF /* TableViewTest1UITests.swift in Sources */,
			);
			runOnlyForDeploymentPostprocessing = 0;
		};
/* End PBXSourcesBuildPhase section */

/* Begin PBXTargetDependency section */
		30E9C8DB2345E778005D33FF /* PBXTargetDependency */ = {
			isa = PBXTargetDependency;
			target = 30E9C8C42345E777005D33FF /* TableViewTest1 */;
			targetProxy = 30E9C8DA2345E778005D33FF /* PBXContainerItemProxy */;
		};
		30E9C8E62345E778005D33FF /* PBXTargetDependency */ = {
			isa = PBXTargetDependency;
			target = 30E9C8C42345E777005D33FF /* TableViewTest1 */;
			targetProxy = 30E9C8E52345E778005D33FF /* PBXContainerItemProxy */;
		};
/* End PBXTargetDependency section */

/* Begin PBXVariantGroup section */
		30E9C8CC2345E777005D33FF /* Main.storyboard */ = {
			isa = PBXVariantGroup;
			children = (
				30E9C8CD2345E777005D33FF /* Base */,
			);
			name = Main.storyboard;
			sourceTree = "<group>";
		};
		30E9C8D12345E777005D33FF /* LaunchScreen.storyboard */ = {
			isa = PBXVariantGroup;
			children = (
				30E9C8D22345E777005D33FF /* Base */,
			);
			name = LaunchScreen.storyboard;
			sourceTree = "<group>";
		};
/* End PBXVariantGroup section */

/* Begin XCBuildConfiguration section */
		30E9C8EB2345E778005D33FF /* Debug */ = {
			isa = XCBuildConfiguration;
			buildSettings = {
				ALWAYS_SEARCH_USER_PATHS = NO;
				CLANG_ANALYZER_NONNULL = YES;
				CLANG_ANALYZER_NUMBER_OBJECT_CONVERSION = YES_AGGRESSIVE;
				CLANG_CXX_LANGUAGE_STANDARD = "gnu++14";
				CLANG_CXX_LIBRARY = "libc++";
				CLANG_ENABLE_MODULES = YES;
				CLANG_ENABLE_OBJC_ARC = YES;
				CLANG_ENABLE_OBJC_WEAK = YES;
				CLANG_WARN_BLOCK_CAPTURE_AUTORELEASING = YES;
				CLANG_WARN_BOOL_CONVERSION = YES;
				CLANG_WARN_COMMA = YES;
				CLANG_WARN_CONSTANT_CONVERSION = YES;
				CLANG_WARN_DEPRECATED_OBJC_IMPLEMENTATIONS = YES;
				CLANG_WARN_DIRECT_OBJC_ISA_USAGE = YES_ERROR;
				CLANG_WARN_DOCUMENTATION_COMMENTS = YES;
				CLANG_WARN_EMPTY_BODY = YES;
				CLANG_WARN_ENUM_CONVERSION = YES;
				CLANG_WARN_INFINITE_RECURSION = YES;
				CLANG_WARN_INT_CONVERSION = YES;
				CLANG_WARN_NON_LITERAL_NULL_CONVERSION = YES;
				CLANG_WARN_OBJC_IMPLICIT_RETAIN_SELF = YES;
				CLANG_WARN_OBJC_LITERAL_CONVERSION = YES;
				CLANG_WARN_OBJC_ROOT_CLASS = YES_ERROR;
				CLANG_WARN_RANGE_LOOP_ANALYSIS = YES;
				CLANG_WARN_STRICT_PROTOTYPES = YES;
				CLANG_WARN_SUSPICIOUS_MOVE = YES;
				CLANG_WARN_UNGUARDED_AVAILABILITY = YES_AGGRESSIVE;
				CLANG_WARN_UNREACHABLE_CODE = YES;
				CLANG_WARN__DUPLICATE_METHOD_MATCH = YES;
				CODE_SIGN_IDENTITY = "iPhone Developer";
				COPY_PHASE_STRIP = NO;
				DEBUG_INFORMATION_FORMAT = dwarf;
				ENABLE_STRICT_OBJC_MSGSEND = YES;
				ENABLE_TESTABILITY = YES;
				GCC_C_LANGUAGE_STANDARD = gnu11;
				GCC_DYNAMIC_NO_PIC = NO;
				GCC_NO_COMMON_BLOCKS = YES;
				GCC_OPTIMIZATION_LEVEL = 0;
				GCC_PREPROCESSOR_DEFINITIONS = (
					"DEBUG=1",
					"$(inherited)",
				);
				GCC_WARN_64_TO_32_BIT_CONVERSION = YES;
				GCC_WARN_ABOUT_RETURN_TYPE = YES_ERROR;
				GCC_WARN_UNDECLARED_SELECTOR = YES;
				GCC_WARN_UNINITIALIZED_AUTOS = YES_AGGRESSIVE;
				GCC_WARN_UNUSED_FUNCTION = YES;
				GCC_WARN_UNUSED_VARIABLE = YES;
				IPHONEOS_DEPLOYMENT_TARGET = 12.4;
				MTL_ENABLE_DEBUG_INFO = INCLUDE_SOURCE;
				MTL_FAST_MATH = YES;
				ONLY_ACTIVE_ARCH = YES;
				SDKROOT = iphoneos;
				SWIFT_ACTIVE_COMPILATION_CONDITIONS = DEBUG;
				SWIFT_OPTIMIZATION_LEVEL = "-Onone";
			};
			name = Debug;
		};
		30E9C8EC2345E778005D33FF /* Release */ = {
			isa = XCBuildConfiguration;
			buildSettings = {
				ALWAYS_SEARCH_USER_PATHS = NO;
				CLANG_ANALYZER_NONNULL = YES;
				CLANG_ANALYZER_NUMBER_OBJECT_CONVERSION = YES_AGGRESSIVE;
				CLANG_CXX_LANGUAGE_STANDARD = "gnu++14";
				CLANG_CXX_LIBRARY = "libc++";
				CLANG_ENABLE_MODULES = YES;
				CLANG_ENABLE_OBJC_ARC = YES;
				CLANG_ENABLE_OBJC_WEAK = YES;
				CLANG_WARN_BLOCK_CAPTURE_AUTORELEASING = YES;
				CLANG_WARN_BOOL_CONVERSION = YES;
				CLANG_WARN_COMMA = YES;
				CLANG_WARN_CONSTANT_CONVERSION = YES;
				CLANG_WARN_DEPRECATED_OBJC_IMPLEMENTATIONS = YES;
				CLANG_WARN_DIRECT_OBJC_ISA_USAGE = YES_ERROR;
				CLANG_WARN_DOCUMENTATION_COMMENTS = YES;
				CLANG_WARN_EMPTY_BODY = YES;
				CLANG_WARN_ENUM_CONVERSION = YES;
				CLANG_WARN_INFINITE_RECURSION = YES;
				CLANG_WARN_INT_CONVERSION = YES;
				CLANG_WARN_NON_LITERAL_NULL_CONVERSION = YES;
				CLANG_WARN_OBJC_IMPLICIT_RETAIN_SELF = YES;
				CLANG_WARN_OBJC_LITERAL_CONVERSION = YES;
				CLANG_WARN_OBJC_ROOT_CLASS = YES_ERROR;
				CLANG_WARN_RANGE_LOOP_ANALYSIS = YES;
				CLANG_WARN_STRICT_PROTOTYPES = YES;
				CLANG_WARN_SUSPICIOUS_MOVE = YES;
				CLANG_WARN_UNGUARDED_AVAILABILITY = YES_AGGRESSIVE;
				CLANG_WARN_UNREACHABLE_CODE = YES;
				CLANG_WARN__DUPLICATE_METHOD_MATCH = YES;
				CODE_SIGN_IDENTITY = "iPhone Developer";
				COPY_PHASE_STRIP = NO;
				DEBUG_INFORMATION_FORMAT = "dwarf-with-dsym";
				ENABLE_NS_ASSERTIONS = NO;
				ENABLE_STRICT_OBJC_MSGSEND = YES;
				GCC_C_LANGUAGE_STANDARD = gnu11;
				GCC_NO_COMMON_BLOCKS = YES;
				GCC_WARN_64_TO_32_BIT_CONVERSION = YES;
				GCC_WARN_ABOUT_RETURN_TYPE = YES_ERROR;
				GCC_WARN_UNDECLARED_SELECTOR = YES;
				GCC_WARN_UNINITIALIZED_AUTOS = YES_AGGRESSIVE;
				GCC_WARN_UNUSED_FUNCTION = YES;
				GCC_WARN_UNUSED_VARIABLE = YES;
				IPHONEOS_DEPLOYMENT_TARGET = 12.4;
				MTL_ENABLE_DEBUG_INFO = NO;
				MTL_FAST_MATH = YES;
				SDKROOT = iphoneos;
				SWIFT_COMPILATION_MODE = wholemodule;
				SWIFT_OPTIMIZATION_LEVEL = "-O";
				VALIDATE_PRODUCT = YES;
			};
			name = Release;
		};
		30E9C8EE2345E778005D33FF /* Debug */ = {
			isa = XCBuildConfiguration;
			baseConfigurationReference = 11479E8287DCFE0AC31A1253 /* Pods-TableViewTest1.debug.xcconfig */;
			buildSettings = {
				ASSETCATALOG_COMPILER_APPICON_NAME = AppIcon;
				CODE_SIGN_STYLE = Automatic;
				DEVELOPMENT_TEAM = 34FY747UQ7;
				INFOPLIST_FILE = TableViewTest1/Info.plist;
				LD_RUNPATH_SEARCH_PATHS = (
					"$(inherited)",
					"@executable_path/Frameworks",
				);
				PRODUCT_BUNDLE_IDENTIFIER = com.example.someone.TableViewTest1;
				PRODUCT_NAME = "$(TARGET_NAME)";
				SWIFT_VERSION = 5.0;
				TARGETED_DEVICE_FAMILY = "1,2";
			};
			name = Debug;
		};
		30E9C8EF2345E778005D33FF /* Release */ = {
			isa = XCBuildConfiguration;
			baseConfigurationReference = FFA35CB6182EDBBA7D93A0EB /* Pods-TableViewTest1.release.xcconfig */;
			buildSettings = {
				ASSETCATALOG_COMPILER_APPICON_NAME = AppIcon;
				CODE_SIGN_STYLE = Automatic;
				DEVELOPMENT_TEAM = 34FY747UQ7;
				INFOPLIST_FILE = TableViewTest1/Info.plist;
				LD_RUNPATH_SEARCH_PATHS = (
					"$(inherited)",
					"@executable_path/Frameworks",
				);
				PRODUCT_BUNDLE_IDENTIFIER = com.example.someone.TableViewTest1;
				PRODUCT_NAME = "$(TARGET_NAME)";
				SWIFT_VERSION = 5.0;
				TARGETED_DEVICE_FAMILY = "1,2";
			};
			name = Release;
		};
		30E9C8F12345E778005D33FF /* Debug */ = {
			isa = XCBuildConfiguration;
			baseConfigurationReference = 00FB2278F1ABE8AA39AB73B0 /* Pods-TableViewTest1Tests.debug.xcconfig */;
			buildSettings = {
				ALWAYS_EMBED_SWIFT_STANDARD_LIBRARIES = YES;
				BUNDLE_LOADER = "$(TEST_HOST)";
				CODE_SIGN_STYLE = Automatic;
				DEVELOPMENT_TEAM = 34FY747UQ7;
				INFOPLIST_FILE = TableViewTest1Tests/Info.plist;
				LD_RUNPATH_SEARCH_PATHS = (
					"$(inherited)",
					"@executable_path/Frameworks",
					"@loader_path/Frameworks",
				);
				PRODUCT_BUNDLE_IDENTIFIER = com.example.someone.TableViewTest1Tests;
				PRODUCT_NAME = "$(TARGET_NAME)";
				SWIFT_VERSION = 5.0;
				TARGETED_DEVICE_FAMILY = "1,2";
				TEST_HOST = "$(BUILT_PRODUCTS_DIR)/TableViewTest1.app/TableViewTest1";
			};
			name = Debug;
		};
		30E9C8F22345E778005D33FF /* Release */ = {
			isa = XCBuildConfiguration;
			baseConfigurationReference = F3AA60AE7CD9224A9866E500 /* Pods-TableViewTest1Tests.release.xcconfig */;
			buildSettings = {
				ALWAYS_EMBED_SWIFT_STANDARD_LIBRARIES = YES;
				BUNDLE_LOADER = "$(TEST_HOST)";
				CODE_SIGN_STYLE = Automatic;
				DEVELOPMENT_TEAM = 34FY747UQ7;
				INFOPLIST_FILE = TableViewTest1Tests/Info.plist;
				LD_RUNPATH_SEARCH_PATHS = (
					"$(inherited)",
					"@executable_path/Frameworks",
					"@loader_path/Frameworks",
				);
				PRODUCT_BUNDLE_IDENTIFIER = com.example.someone.TableViewTest1Tests;
				PRODUCT_NAME = "$(TARGET_NAME)";
				SWIFT_VERSION = 5.0;
				TARGETED_DEVICE_FAMILY = "1,2";
				TEST_HOST = "$(BUILT_PRODUCTS_DIR)/TableViewTest1.app/TableViewTest1";
			};
			name = Release;
		};
		30E9C8F42345E778005D33FF /* Debug */ = {
			isa = XCBuildConfiguration;
			baseConfigurationReference = 82DF4A75F200D5128B5AC4D3 /* Pods-TableViewTest1UITests.debug.xcconfig */;
			buildSettings = {
				ALWAYS_EMBED_SWIFT_STANDARD_LIBRARIES = YES;
				CODE_SIGN_STYLE = Automatic;
				DEVELOPMENT_TEAM = 34FY747UQ7;
				INFOPLIST_FILE = TableViewTest1UITests/Info.plist;
				LD_RUNPATH_SEARCH_PATHS = (
					"$(inherited)",
					"@executable_path/Frameworks",
					"@loader_path/Frameworks",
				);
				PRODUCT_BUNDLE_IDENTIFIER = com.example.someone.TableViewTest1UITests;
				PRODUCT_NAME = "$(TARGET_NAME)";
				SWIFT_VERSION = 5.0;
				TARGETED_DEVICE_FAMILY = "1,2";
				TEST_TARGET_NAME = TableViewTest1;
			};
			name = Debug;
		};
		30E9C8F52345E778005D33FF /* Release */ = {
			isa = XCBuildConfiguration;
			baseConfigurationReference = D9EA77CD234154C6CF2E89F3 /* Pods-TableViewTest1UITests.release.xcconfig */;
			buildSettings = {
				ALWAYS_EMBED_SWIFT_STANDARD_LIBRARIES = YES;
				CODE_SIGN_STYLE = Automatic;
				DEVELOPMENT_TEAM = 34FY747UQ7;
				INFOPLIST_FILE = TableViewTest1UITests/Info.plist;
				LD_RUNPATH_SEARCH_PATHS = (
					"$(inherited)",
					"@executable_path/Frameworks",
					"@loader_path/Frameworks",
				);
				PRODUCT_BUNDLE_IDENTIFIER = com.example.someone.TableViewTest1UITests;
				PRODUCT_NAME = "$(TARGET_NAME)";
				SWIFT_VERSION = 5.0;
				TARGETED_DEVICE_FAMILY = "1,2";
				TEST_TARGET_NAME = TableViewTest1;
			};
			name = Release;
		};
/* End XCBuildConfiguration section */

/* Begin XCConfigurationList section */
		30E9C8C02345E777005D33FF /* Build configuration list for PBXProject "TableViewTest1" */ = {
			isa = XCConfigurationList;
			buildConfigurations = (
				30E9C8EB2345E778005D33FF /* Debug */,
				30E9C8EC2345E778005D33FF /* Release */,
			);
			defaultConfigurationIsVisible = 0;
			defaultConfigurationName = Release;
		};
		30E9C8ED2345E778005D33FF /* Build configuration list for PBXNativeTarget "TableViewTest1" */ = {
			isa = XCConfigurationList;
			buildConfigurations = (
				30E9C8EE2345E778005D33FF /* Debug */,
				30E9C8EF2345E778005D33FF /* Release */,
			);
			defaultConfigurationIsVisible = 0;
			defaultConfigurationName = Release;
		};
		30E9C8F02345E778005D33FF /* Build configuration list for PBXNativeTarget "TableViewTest1Tests" */ = {
			isa = XCConfigurationList;
			buildConfigurations = (
				30E9C8F12345E778005D33FF /* Debug */,
				30E9C8F22345E778005D33FF /* Release */,
			);
			defaultConfigurationIsVisible = 0;
			defaultConfigurationName = Release;
		};
		30E9C8F32345E778005D33FF /* Build configuration list for PBXNativeTarget "TableViewTest1UITests" */ = {
			isa = XCConfigurationList;
			buildConfigurations = (
				30E9C8F42345E778005D33FF /* Debug */,
				30E9C8F52345E778005D33FF /* Release */,
			);
			defaultConfigurationIsVisible = 0;
			defaultConfigurationName = Release;
		};
/* End XCConfigurationList section */
	};
	rootObject = 30E9C8BD2345E777005D33FF /* Project object */;
}
